
Microsoft Visual Studio Solution File, Format Version 12.00
# Visual Studio Version 17
VisualStudioVersion = 17.2.32516.85
MinimumVisualStudioVersion = 10.0.40219.1
Project("{FAE04EC0-301F-11D3-BF4B-00C04F79EFBC}") = "ClickCounter", "ClickCounter\ClickCounter.csproj", "{AF852067-1531-458C-A625-74DEF05CE93C}"
EndProject
Project("{FAE04EC0-301F-11D3-BF4B-00C04F79EFBC}") = "PasswordCriteria", "PasswordCriteria\PasswordCriteria.csproj", "{DC65EC2B-4D66-4B34-B7C6-8C42FE2EE648}"
EndProject
Project("{FAE04EC0-301F-11D3-BF4B-00C04F79EFBC}") = "SoftwareThemeDesignerTester", "SoftwareThemeDesignerTester\SoftwareThemeDesignerTester.csproj", "{94F6296B-21F6-49DE-9BD6-57322EA17C94}"
EndProject
Project("{FAE04EC0-301F-11D3-BF4B-00C04F79EFBC}") = "ReliaCoat.Common.UI.Controls", "..\ReliaCoat.Core\ReliaCoat.Common.UI.Controls\ReliaCoat.Common.UI.Controls.csproj", "{D73B6B14-7B56-48CB-8E57-23A6D1CAE786}"
EndProject
Project("{FAE04EC0-301F-11D3-BF4B-00C04F79EFBC}") = "ReliaCoat.Common", "..\ReliaCoat.Core\ReliaCoat.Common\ReliaCoat.Common.csproj", "{65EEB4C2-8394-4090-A3ED-47A184BC2A82}"
EndProject
Project("{FAE04EC0-301F-11D3-BF4B-00C04F79EFBC}") = "ReliaCoat.Common.UI", "..\ReliaCoat.Core\ReliaCoat.Common.UI\ReliaCoat.Common.UI.csproj", "{D6B0B9B5-4A5A-48FB-92FE-F4A98517780F}"
EndProject
Project("{FAE04EC0-301F-11D3-BF4B-00C04F79EFBC}") = "ReliaCoat.Common.UI.Extensions", "..\ReliaCoat.Core\ReliaCoat.Common.UI.Extensions\ReliaCoat.Common.UI.Extensions.csproj", "{4B0635FA-2FE0-4781-8E52-39924DE836A2}"
EndProject
Project("{FAE04EC0-301F-11D3-BF4B-00C04F79EFBC}") = "AccordFrameworkImageAnalysis", "AccordFrameworkImageAnalysis\AccordFrameworkImageAnalysis.csproj", "{E4141C7E-9E62-49A1-BE71-FFDD9E8429D0}"
EndProject
Project("{FAE04EC0-301F-11D3-BF4B-00C04F79EFBC}") = "ReliaCoat.Numerics", "..\ReliaCoat.Core\ReliaCoat.Numerics\ReliaCoat.Numerics.csproj", "{4D36AED5-B30A-4F8A-B567-DC5940D2393D}"
EndProject
Project("{FAE04EC0-301F-11D3-BF4B-00C04F79EFBC}") = "XrdFileConverter", "XrdFileConverter\XrdFileConverter.csproj", "{3CFB4E40-2A9C-4057-AE79-73697593C5E1}"
EndProject
Project("{FAE04EC0-301F-11D3-BF4B-00C04F79EFBC}") = "BarcodeTester", "BarcodeTester\BarcodeTester.csproj", "{1DE500E8-9AE0-4912-808C-51AF854A94BB}"
EndProject
Project("{FAE04EC0-301F-11D3-BF4B-00C04F79EFBC}") = "ReliaCoat.Common.UnitTesting", "..\ReliaCoat.Core\ReliaCoat.Common.UnitTesting\ReliaCoat.Common.UnitTesting.csproj", "{62FA927B-4C76-464A-A426-22B63E3A5EEF}"
EndProject
Project("{FAE04EC0-301F-11D3-BF4B-00C04F79EFBC}") = "ReliaCoat.Numerics.Parsing", "..\ReliaCoat.Core\ReliaCoat.Numerics.Parsing\ReliaCoat.Numerics.Parsing.csproj", "{8986F561-5ADF-40E3-B668-2187EACA7E6D}"
EndProject
Project("{FAE04EC0-301F-11D3-BF4B-00C04F79EFBC}") = "ReliaCoat.Statistics", "..\ReliaCoat.Core\ReliaCoat.Statistics\ReliaCoat.Statistics.csproj", "{A68910D4-C461-4D6D-952C-48C6DCA3FA9F}"
EndProject
Project("{FAE04EC0-301F-11D3-BF4B-00C04F79EFBC}") = "DesignOfExperiments", "DesignOfExperiments\DesignOfExperiments.csproj", "{FD125592-37E6-4009-84C2-E795B081511C}"
EndProject
Project("{FAE04EC0-301F-11D3-BF4B-00C04F79EFBC}") = "ReliaCoat.GpuDetectorNetFramework", "ReliaCoat.GpuDetectorNetFramework\ReliaCoat.GpuDetectorNetFramework.csproj", "{590A5964-90A9-4577-9B16-FB3DF5A3FB00}"
EndProject
Project("{FAE04EC0-301F-11D3-BF4B-00C04F79EFBC}") = "ConsoleDiagnostics", "ConsoleDiagnostics\ConsoleDiagnostics.csproj", "{577FE402-8405-44CA-BD14-0F4136009FC3}"
EndProject
Project("{9A19103F-16F7-4668-BE54-9A1E7A4F7556}") = "RestApiDataPull", "RestApiDataPull\RestApiDataPull.csproj", "{76959A25-EAB9-4CBF-92C9-DABC0B8F6603}"
EndProject
Project("{FAE04EC0-301F-11D3-BF4B-00C04F79EFBC}") = "EllipseDrawer", "EllipseDrawer\EllipseDrawer.csproj", "{7705DBFD-B9DA-4550-AA12-7231EA64AAAB}"
EndProject
Global
	GlobalSection(SolutionConfigurationPlatforms) = preSolution
		Debug|Any CPU = Debug|Any CPU
		Release|Any CPU = Release|Any CPU
	EndGlobalSection
	GlobalSection(ProjectConfigurationPlatforms) = postSolution
		{AF852067-1531-458C-A625-74DEF05CE93C}.Debug|Any CPU.ActiveCfg = Debug|Any CPU
		{AF852067-1531-458C-A625-74DEF05CE93C}.Debug|Any CPU.Build.0 = Debug|Any CPU
		{AF852067-1531-458C-A625-74DEF05CE93C}.Release|Any CPU.ActiveCfg = Release|Any CPU
		{AF852067-1531-458C-A625-74DEF05CE93C}.Release|Any CPU.Build.0 = Release|Any CPU
		{DC65EC2B-4D66-4B34-B7C6-8C42FE2EE648}.Debug|Any CPU.ActiveCfg = Debug|Any CPU
		{DC65EC2B-4D66-4B34-B7C6-8C42FE2EE648}.Debug|Any CPU.Build.0 = Debug|Any CPU
		{DC65EC2B-4D66-4B34-B7C6-8C42FE2EE648}.Release|Any CPU.ActiveCfg = Release|Any CPU
		{DC65EC2B-4D66-4B34-B7C6-8C42FE2EE648}.Release|Any CPU.Build.0 = Release|Any CPU
		{94F6296B-21F6-49DE-9BD6-57322EA17C94}.Debug|Any CPU.ActiveCfg = Debug|Any CPU
		{94F6296B-21F6-49DE-9BD6-57322EA17C94}.Debug|Any CPU.Build.0 = Debug|Any CPU
		{94F6296B-21F6-49DE-9BD6-57322EA17C94}.Release|Any CPU.ActiveCfg = Release|Any CPU
		{94F6296B-21F6-49DE-9BD6-57322EA17C94}.Release|Any CPU.Build.0 = Release|Any CPU
		{D73B6B14-7B56-48CB-8E57-23A6D1CAE786}.Debug|Any CPU.ActiveCfg = Debug|Any CPU
		{D73B6B14-7B56-48CB-8E57-23A6D1CAE786}.Debug|Any CPU.Build.0 = Debug|Any CPU
		{D73B6B14-7B56-48CB-8E57-23A6D1CAE786}.Release|Any CPU.ActiveCfg = Release|Any CPU
		{D73B6B14-7B56-48CB-8E57-23A6D1CAE786}.Release|Any CPU.Build.0 = Release|Any CPU
		{65EEB4C2-8394-4090-A3ED-47A184BC2A82}.Debug|Any CPU.ActiveCfg = Debug|Any CPU
		{65EEB4C2-8394-4090-A3ED-47A184BC2A82}.Debug|Any CPU.Build.0 = Debug|Any CPU
		{65EEB4C2-8394-4090-A3ED-47A184BC2A82}.Release|Any CPU.ActiveCfg = Release|Any CPU
		{65EEB4C2-8394-4090-A3ED-47A184BC2A82}.Release|Any CPU.Build.0 = Release|Any CPU
		{D6B0B9B5-4A5A-48FB-92FE-F4A98517780F}.Debug|Any CPU.ActiveCfg = Debug|Any CPU
		{D6B0B9B5-4A5A-48FB-92FE-F4A98517780F}.Debug|Any CPU.Build.0 = Debug|Any CPU
		{D6B0B9B5-4A5A-48FB-92FE-F4A98517780F}.Release|Any CPU.ActiveCfg = Release|Any CPU
		{D6B0B9B5-4A5A-48FB-92FE-F4A98517780F}.Release|Any CPU.Build.0 = Release|Any CPU
		{4B0635FA-2FE0-4781-8E52-39924DE836A2}.Debug|Any CPU.ActiveCfg = Debug|Any CPU
		{4B0635FA-2FE0-4781-8E52-39924DE836A2}.Debug|Any CPU.Build.0 = Debug|Any CPU
		{4B0635FA-2FE0-4781-8E52-39924DE836A2}.Release|Any CPU.ActiveCfg = Release|Any CPU
		{4B0635FA-2FE0-4781-8E52-39924DE836A2}.Release|Any CPU.Build.0 = Release|Any CPU
		{E4141C7E-9E62-49A1-BE71-FFDD9E8429D0}.Debug|Any CPU.ActiveCfg = Debug|Any CPU
		{E4141C7E-9E62-49A1-BE71-FFDD9E8429D0}.Debug|Any CPU.Build.0 = Debug|Any CPU
		{E4141C7E-9E62-49A1-BE71-FFDD9E8429D0}.Release|Any CPU.ActiveCfg = Release|Any CPU
		{E4141C7E-9E62-49A1-BE71-FFDD9E8429D0}.Release|Any CPU.Build.0 = Release|Any CPU
		{4D36AED5-B30A-4F8A-B567-DC5940D2393D}.Debug|Any CPU.ActiveCfg = Debug|Any CPU
		{4D36AED5-B30A-4F8A-B567-DC5940D2393D}.Debug|Any CPU.Build.0 = Debug|Any CPU
		{4D36AED5-B30A-4F8A-B567-DC5940D2393D}.Release|Any CPU.ActiveCfg = Release|Any CPU
		{4D36AED5-B30A-4F8A-B567-DC5940D2393D}.Release|Any CPU.Build.0 = Release|Any CPU
		{3CFB4E40-2A9C-4057-AE79-73697593C5E1}.Debug|Any CPU.ActiveCfg = Debug|Any CPU
		{3CFB4E40-2A9C-4057-AE79-73697593C5E1}.Debug|Any CPU.Build.0 = Debug|Any CPU
		{3CFB4E40-2A9C-4057-AE79-73697593C5E1}.Release|Any CPU.ActiveCfg = Release|Any CPU
		{3CFB4E40-2A9C-4057-AE79-73697593C5E1}.Release|Any CPU.Build.0 = Release|Any CPU
		{1DE500E8-9AE0-4912-808C-51AF854A94BB}.Debug|Any CPU.ActiveCfg = Debug|Any CPU
		{1DE500E8-9AE0-4912-808C-51AF854A94BB}.Debug|Any CPU.Build.0 = Debug|Any CPU
		{1DE500E8-9AE0-4912-808C-51AF854A94BB}.Release|Any CPU.ActiveCfg = Release|Any CPU
		{1DE500E8-9AE0-4912-808C-51AF854A94BB}.Release|Any CPU.Build.0 = Release|Any CPU
		{62FA927B-4C76-464A-A426-22B63E3A5EEF}.Debug|Any CPU.ActiveCfg = Debug|Any CPU
		{62FA927B-4C76-464A-A426-22B63E3A5EEF}.Debug|Any CPU.Build.0 = Debug|Any CPU
		{62FA927B-4C76-464A-A426-22B63E3A5EEF}.Release|Any CPU.ActiveCfg = Release|Any CPU
		{62FA927B-4C76-464A-A426-22B63E3A5EEF}.Release|Any CPU.Build.0 = Release|Any CPU
		{8986F561-5ADF-40E3-B668-2187EACA7E6D}.Debug|Any CPU.ActiveCfg = Debug|Any CPU
		{8986F561-5ADF-40E3-B668-2187EACA7E6D}.Debug|Any CPU.Build.0 = Debug|Any CPU
		{8986F561-5ADF-40E3-B668-2187EACA7E6D}.Release|Any CPU.ActiveCfg = Release|Any CPU
		{8986F561-5ADF-40E3-B668-2187EACA7E6D}.Release|Any CPU.Build.0 = Release|Any CPU
		{A68910D4-C461-4D6D-952C-48C6DCA3FA9F}.Debug|Any CPU.ActiveCfg = Debug|Any CPU
		{A68910D4-C461-4D6D-952C-48C6DCA3FA9F}.Debug|Any CPU.Build.0 = Debug|Any CPU
		{A68910D4-C461-4D6D-952C-48C6DCA3FA9F}.Release|Any CPU.ActiveCfg = Release|Any CPU
		{A68910D4-C461-4D6D-952C-48C6DCA3FA9F}.Release|Any CPU.Build.0 = Release|Any CPU
		{FD125592-37E6-4009-84C2-E795B081511C}.Debug|Any CPU.ActiveCfg = Debug|Any CPU
		{FD125592-37E6-4009-84C2-E795B081511C}.Debug|Any CPU.Build.0 = Debug|Any CPU
		{FD125592-37E6-4009-84C2-E795B081511C}.Release|Any CPU.ActiveCfg = Release|Any CPU
		{FD125592-37E6-4009-84C2-E795B081511C}.Release|Any CPU.Build.0 = Release|Any CPU
		{590A5964-90A9-4577-9B16-FB3DF5A3FB00}.Debug|Any CPU.ActiveCfg = Debug|Any CPU
		{590A5964-90A9-4577-9B16-FB3DF5A3FB00}.Debug|Any CPU.Build.0 = Debug|Any CPU
		{590A5964-90A9-4577-9B16-FB3DF5A3FB00}.Release|Any CPU.ActiveCfg = Release|Any CPU
		{590A5964-90A9-4577-9B16-FB3DF5A3FB00}.Release|Any CPU.Build.0 = Release|Any CPU
		{577FE402-8405-44CA-BD14-0F4136009FC3}.Debug|Any CPU.ActiveCfg = Debug|Any CPU
		{577FE402-8405-44CA-BD14-0F4136009FC3}.Debug|Any CPU.Build.0 = Debug|Any CPU
		{577FE402-8405-44CA-BD14-0F4136009FC3}.Release|Any CPU.ActiveCfg = Release|Any CPU
		{577FE402-8405-44CA-BD14-0F4136009FC3}.Release|Any CPU.Build.0 = Release|Any CPU
		{76959A25-EAB9-4CBF-92C9-DABC0B8F6603}.Debug|Any CPU.ActiveCfg = Debug|Any CPU
		{76959A25-EAB9-4CBF-92C9-DABC0B8F6603}.Debug|Any CPU.Build.0 = Debug|Any CPU
		{76959A25-EAB9-4CBF-92C9-DABC0B8F6603}.Release|Any CPU.ActiveCfg = Release|Any CPU
		{76959A25-EAB9-4CBF-92C9-DABC0B8F6603}.Release|Any CPU.Build.0 = Release|Any CPU
		{7705DBFD-B9DA-4550-AA12-7231EA64AAAB}.Debug|Any CPU.ActiveCfg = Debug|Any CPU
		{7705DBFD-B9DA-4550-AA12-7231EA64AAAB}.Debug|Any CPU.Build.0 = Debug|Any CPU
		{7705DBFD-B9DA-4550-AA12-7231EA64AAAB}.Release|Any CPU.ActiveCfg = Release|Any CPU
		{7705DBFD-B9DA-4550-AA12-7231EA64AAAB}.Release|Any CPU.Build.0 = Release|Any CPU
	EndGlobalSection
	GlobalSection(SolutionProperties) = preSolution
		HideSolutionNode = FALSE
	EndGlobalSection
	GlobalSection(ExtensibilityGlobals) = postSolution
		SolutionGuid = {6DB17D6E-F93D-4768-991B-30DE420BAD19}
	EndGlobalSection
EndGlobal
