
Microsoft Visual Studio Solution File, Format Version 12.00
# Visual Studio 14
VisualStudioVersion = 14.0.25420.1
MinimumVisualStudioVersion = 10.0.40219.1
Project("{FAE04EC0-301F-11D3-BF4B-00C04F79EFBC}") = "Observables", "Observables\Observables.csproj", "{C8729E7A-6596-4479-8259-53C0C524BA79}"
EndProject
Project("{FAE04EC0-301F-11D3-BF4B-00C04F79EFBC}") = "Observables WPF", "Observables WPF\Observables WPF.csproj", "{DE04BB20-9399-426B-9056-C394389F1F4C}"
EndProject
Project("{FAE04EC0-301F-11D3-BF4B-00C04F79EFBC}") = "ActiveGigETester", "ActiveGigETester\ActiveGigETester.csproj", "{8C820B09-2BD8-43BE-A5D8-09FF47B15966}"
EndProject
Project("{FAE04EC0-301F-11D3-BF4B-00C04F79EFBC}") = "ActiveGigELibrary", "ActiveGigELibrary\ActiveGigELibrary.csproj", "{36C24DD6-D054-4F84-A93B-0A2A687F34A1}"
EndProject
Project("{FAE04EC0-301F-11D3-BF4B-00C04F79EFBC}") = "Concurrency", "Concurrency\Concurrency.csproj", "{995ABC0B-5FF0-4426-9555-8D6A677D2D8D}"
EndProject
Global
	GlobalSection(SolutionConfigurationPlatforms) = preSolution
		Debug|Any CPU = Debug|Any CPU
		Release|Any CPU = Release|Any CPU
	EndGlobalSection
	GlobalSection(ProjectConfigurationPlatforms) = postSolution
		{C8729E7A-6596-4479-8259-53C0C524BA79}.Debug|Any CPU.ActiveCfg = Debug|Any CPU
		{C8729E7A-6596-4479-8259-53C0C524BA79}.Debug|Any CPU.Build.0 = Debug|Any CPU
		{C8729E7A-6596-4479-8259-53C0C524BA79}.Release|Any CPU.ActiveCfg = Release|Any CPU
		{C8729E7A-6596-4479-8259-53C0C524BA79}.Release|Any CPU.Build.0 = Release|Any CPU
		{DE04BB20-9399-426B-9056-C394389F1F4C}.Debug|Any CPU.ActiveCfg = Debug|Any CPU
		{DE04BB20-9399-426B-9056-C394389F1F4C}.Debug|Any CPU.Build.0 = Debug|Any CPU
		{DE04BB20-9399-426B-9056-C394389F1F4C}.Release|Any CPU.ActiveCfg = Release|Any CPU
		{DE04BB20-9399-426B-9056-C394389F1F4C}.Release|Any CPU.Build.0 = Release|Any CPU
		{8C820B09-2BD8-43BE-A5D8-09FF47B15966}.Debug|Any CPU.ActiveCfg = Debug|Any CPU
		{8C820B09-2BD8-43BE-A5D8-09FF47B15966}.Debug|Any CPU.Build.0 = Debug|Any CPU
		{8C820B09-2BD8-43BE-A5D8-09FF47B15966}.Release|Any CPU.ActiveCfg = Release|Any CPU
		{8C820B09-2BD8-43BE-A5D8-09FF47B15966}.Release|Any CPU.Build.0 = Release|Any CPU
		{36C24DD6-D054-4F84-A93B-0A2A687F34A1}.Debug|Any CPU.ActiveCfg = Debug|Any CPU
		{36C24DD6-D054-4F84-A93B-0A2A687F34A1}.Debug|Any CPU.Build.0 = Debug|Any CPU
		{36C24DD6-D054-4F84-A93B-0A2A687F34A1}.Release|Any CPU.ActiveCfg = Release|Any CPU
		{36C24DD6-D054-4F84-A93B-0A2A687F34A1}.Release|Any CPU.Build.0 = Release|Any CPU
		{995ABC0B-5FF0-4426-9555-8D6A677D2D8D}.Debug|Any CPU.ActiveCfg = Debug|Any CPU
		{995ABC0B-5FF0-4426-9555-8D6A677D2D8D}.Debug|Any CPU.Build.0 = Debug|Any CPU
		{995ABC0B-5FF0-4426-9555-8D6A677D2D8D}.Release|Any CPU.ActiveCfg = Release|Any CPU
		{995ABC0B-5FF0-4426-9555-8D6A677D2D8D}.Release|Any CPU.Build.0 = Release|Any CPU
	EndGlobalSection
	GlobalSection(SolutionProperties) = preSolution
		HideSolutionNode = FALSE
	EndGlobalSection
EndGlobal
