
Microsoft Visual Studio Solution File, Format Version 12.00
# Visual Studio 14
VisualStudioVersion = 14.0.25420.1
MinimumVisualStudioVersion = 10.0.40219.1
Project("{FAE04EC0-301F-11D3-BF4B-00C04F79EFBC}") = "SciChartAnnotationsExperiments", "SciChartAnnotationsExperiments\SciChartAnnotationsExperiments.csproj", "{AB4D41C5-6D12-4E4F-A499-2D5A6685557D}"
EndProject
Project("{FAE04EC0-301F-11D3-BF4B-00C04F79EFBC}") = "SolutionCleaner", "SolutionCleaner\SolutionCleaner.csproj", "{DD328747-9A8F-414E-99E1-90DCEB332690}"
EndProject
Project("{FAE04EC0-301F-11D3-BF4B-00C04F79EFBC}") = "ClickCounter", "ClickCounter\ClickCounter.csproj", "{AF852067-1531-458C-A625-74DEF05CE93C}"
EndProject
Project("{FAE04EC0-301F-11D3-BF4B-00C04F79EFBC}") = "PasswordCriteria", "PasswordCriteria\PasswordCriteria.csproj", "{DC65EC2B-4D66-4B34-B7C6-8C42FE2EE648}"
EndProject
Project("{FAE04EC0-301F-11D3-BF4B-00C04F79EFBC}") = "SoftwareThemeDesignerTester", "SoftwareThemeDesignerTester\SoftwareThemeDesignerTester.csproj", "{94F6296B-21F6-49DE-9BD6-57322EA17C94}"
EndProject
Project("{FAE04EC0-301F-11D3-BF4B-00C04F79EFBC}") = "ReliaCoat.Common.UI.Controls", "..\ReliaCoat.Core\ReliaCoat.Common.UI.Controls\ReliaCoat.Common.UI.Controls.csproj", "{D73B6B14-7B56-48CB-8E57-23A6D1CAE786}"
EndProject
Project("{FAE04EC0-301F-11D3-BF4B-00C04F79EFBC}") = "ReliaCoat.Common", "..\ReliaCoat.Core\ReliaCoat.Common\ReliaCoat.Common.csproj", "{65EEB4C2-8394-4090-A3ED-47A184BC2A82}"
EndProject
Project("{FAE04EC0-301F-11D3-BF4B-00C04F79EFBC}") = "ReliaCoat.Common.UI", "..\ReliaCoat.Core\ReliaCoat.Common.UI\ReliaCoat.Common.UI.csproj", "{D6B0B9B5-4A5A-48FB-92FE-F4A98517780F}"
EndProject
Project("{FAE04EC0-301F-11D3-BF4B-00C04F79EFBC}") = "ReliaCoat.Common.UI.Extensions", "..\ReliaCoat.Core\ReliaCoat.Common.UI.Extensions\ReliaCoat.Common.UI.Extensions.csproj", "{4B0635FA-2FE0-4781-8E52-39924DE836A2}"
EndProject
Project("{FAE04EC0-301F-11D3-BF4B-00C04F79EFBC}") = "AccordFrameworkImageAnalysis", "AccordFrameworkImageAnalysis\AccordFrameworkImageAnalysis.csproj", "{E4141C7E-9E62-49A1-BE71-FFDD9E8429D0}"
EndProject
Project("{FAE04EC0-301F-11D3-BF4B-00C04F79EFBC}") = "ReliaCoat.Numerics", "..\ReliaCoat.Core\ReliaCoat.Numerics\ReliaCoat.Numerics.csproj", "{4D36AED5-B30A-4F8A-B567-DC5940D2393D}"
EndProject
Project("{FAE04EC0-301F-11D3-BF4B-00C04F79EFBC}") = "XrdFileConverter", "XrdFileConverter\XrdFileConverter.csproj", "{3CFB4E40-2A9C-4057-AE79-73697593C5E1}"
EndProject
Project("{FAE04EC0-301F-11D3-BF4B-00C04F79EFBC}") = "MathFunctionTester", "MathFunctionTester\MathFunctionTester.csproj", "{4B7113E9-6C66-41E9-BE50-7FCA7676E4AE}"
EndProject
Project("{FAE04EC0-301F-11D3-BF4B-00C04F79EFBC}") = "BarcodeTester", "BarcodeTester\BarcodeTester.csproj", "{1DE500E8-9AE0-4912-808C-51AF854A94BB}"
EndProject
Global
	GlobalSection(SolutionConfigurationPlatforms) = preSolution
		Debug|Any CPU = Debug|Any CPU
		Release|Any CPU = Release|Any CPU
	EndGlobalSection
	GlobalSection(ProjectConfigurationPlatforms) = postSolution
		{AB4D41C5-6D12-4E4F-A499-2D5A6685557D}.Debug|Any CPU.ActiveCfg = Debug|Any CPU
		{AB4D41C5-6D12-4E4F-A499-2D5A6685557D}.Debug|Any CPU.Build.0 = Debug|Any CPU
		{AB4D41C5-6D12-4E4F-A499-2D5A6685557D}.Release|Any CPU.ActiveCfg = Release|Any CPU
		{AB4D41C5-6D12-4E4F-A499-2D5A6685557D}.Release|Any CPU.Build.0 = Release|Any CPU
		{DD328747-9A8F-414E-99E1-90DCEB332690}.Debug|Any CPU.ActiveCfg = Debug|Any CPU
		{DD328747-9A8F-414E-99E1-90DCEB332690}.Debug|Any CPU.Build.0 = Debug|Any CPU
		{DD328747-9A8F-414E-99E1-90DCEB332690}.Release|Any CPU.ActiveCfg = Release|Any CPU
		{DD328747-9A8F-414E-99E1-90DCEB332690}.Release|Any CPU.Build.0 = Release|Any CPU
		{AF852067-1531-458C-A625-74DEF05CE93C}.Debug|Any CPU.ActiveCfg = Debug|Any CPU
		{AF852067-1531-458C-A625-74DEF05CE93C}.Debug|Any CPU.Build.0 = Debug|Any CPU
		{AF852067-1531-458C-A625-74DEF05CE93C}.Release|Any CPU.ActiveCfg = Release|Any CPU
		{AF852067-1531-458C-A625-74DEF05CE93C}.Release|Any CPU.Build.0 = Release|Any CPU
		{DC65EC2B-4D66-4B34-B7C6-8C42FE2EE648}.Debug|Any CPU.ActiveCfg = Debug|Any CPU
		{DC65EC2B-4D66-4B34-B7C6-8C42FE2EE648}.Debug|Any CPU.Build.0 = Debug|Any CPU
		{DC65EC2B-4D66-4B34-B7C6-8C42FE2EE648}.Release|Any CPU.ActiveCfg = Release|Any CPU
		{DC65EC2B-4D66-4B34-B7C6-8C42FE2EE648}.Release|Any CPU.Build.0 = Release|Any CPU
		{94F6296B-21F6-49DE-9BD6-57322EA17C94}.Debug|Any CPU.ActiveCfg = Debug|Any CPU
		{94F6296B-21F6-49DE-9BD6-57322EA17C94}.Debug|Any CPU.Build.0 = Debug|Any CPU
		{94F6296B-21F6-49DE-9BD6-57322EA17C94}.Release|Any CPU.ActiveCfg = Release|Any CPU
		{94F6296B-21F6-49DE-9BD6-57322EA17C94}.Release|Any CPU.Build.0 = Release|Any CPU
		{D73B6B14-7B56-48CB-8E57-23A6D1CAE786}.Debug|Any CPU.ActiveCfg = Debug|Any CPU
		{D73B6B14-7B56-48CB-8E57-23A6D1CAE786}.Debug|Any CPU.Build.0 = Debug|Any CPU
		{D73B6B14-7B56-48CB-8E57-23A6D1CAE786}.Release|Any CPU.ActiveCfg = Release|Any CPU
		{D73B6B14-7B56-48CB-8E57-23A6D1CAE786}.Release|Any CPU.Build.0 = Release|Any CPU
		{65EEB4C2-8394-4090-A3ED-47A184BC2A82}.Debug|Any CPU.ActiveCfg = Debug|Any CPU
		{65EEB4C2-8394-4090-A3ED-47A184BC2A82}.Debug|Any CPU.Build.0 = Debug|Any CPU
		{65EEB4C2-8394-4090-A3ED-47A184BC2A82}.Release|Any CPU.ActiveCfg = Release|Any CPU
		{65EEB4C2-8394-4090-A3ED-47A184BC2A82}.Release|Any CPU.Build.0 = Release|Any CPU
		{D6B0B9B5-4A5A-48FB-92FE-F4A98517780F}.Debug|Any CPU.ActiveCfg = Debug|Any CPU
		{D6B0B9B5-4A5A-48FB-92FE-F4A98517780F}.Debug|Any CPU.Build.0 = Debug|Any CPU
		{D6B0B9B5-4A5A-48FB-92FE-F4A98517780F}.Release|Any CPU.ActiveCfg = Release|Any CPU
		{D6B0B9B5-4A5A-48FB-92FE-F4A98517780F}.Release|Any CPU.Build.0 = Release|Any CPU
		{4B0635FA-2FE0-4781-8E52-39924DE836A2}.Debug|Any CPU.ActiveCfg = Debug|Any CPU
		{4B0635FA-2FE0-4781-8E52-39924DE836A2}.Debug|Any CPU.Build.0 = Debug|Any CPU
		{4B0635FA-2FE0-4781-8E52-39924DE836A2}.Release|Any CPU.ActiveCfg = Release|Any CPU
		{4B0635FA-2FE0-4781-8E52-39924DE836A2}.Release|Any CPU.Build.0 = Release|Any CPU
		{E4141C7E-9E62-49A1-BE71-FFDD9E8429D0}.Debug|Any CPU.ActiveCfg = Debug|Any CPU
		{E4141C7E-9E62-49A1-BE71-FFDD9E8429D0}.Debug|Any CPU.Build.0 = Debug|Any CPU
		{E4141C7E-9E62-49A1-BE71-FFDD9E8429D0}.Release|Any CPU.ActiveCfg = Release|Any CPU
		{E4141C7E-9E62-49A1-BE71-FFDD9E8429D0}.Release|Any CPU.Build.0 = Release|Any CPU
		{4D36AED5-B30A-4F8A-B567-DC5940D2393D}.Debug|Any CPU.ActiveCfg = Debug|Any CPU
		{4D36AED5-B30A-4F8A-B567-DC5940D2393D}.Debug|Any CPU.Build.0 = Debug|Any CPU
		{4D36AED5-B30A-4F8A-B567-DC5940D2393D}.Release|Any CPU.ActiveCfg = Release|Any CPU
		{4D36AED5-B30A-4F8A-B567-DC5940D2393D}.Release|Any CPU.Build.0 = Release|Any CPU
		{3CFB4E40-2A9C-4057-AE79-73697593C5E1}.Debug|Any CPU.ActiveCfg = Debug|Any CPU
		{3CFB4E40-2A9C-4057-AE79-73697593C5E1}.Debug|Any CPU.Build.0 = Debug|Any CPU
		{3CFB4E40-2A9C-4057-AE79-73697593C5E1}.Release|Any CPU.ActiveCfg = Release|Any CPU
		{3CFB4E40-2A9C-4057-AE79-73697593C5E1}.Release|Any CPU.Build.0 = Release|Any CPU
		{4B7113E9-6C66-41E9-BE50-7FCA7676E4AE}.Debug|Any CPU.ActiveCfg = Debug|Any CPU
		{4B7113E9-6C66-41E9-BE50-7FCA7676E4AE}.Debug|Any CPU.Build.0 = Debug|Any CPU
		{4B7113E9-6C66-41E9-BE50-7FCA7676E4AE}.Release|Any CPU.ActiveCfg = Release|Any CPU
		{4B7113E9-6C66-41E9-BE50-7FCA7676E4AE}.Release|Any CPU.Build.0 = Release|Any CPU
		{1DE500E8-9AE0-4912-808C-51AF854A94BB}.Debug|Any CPU.ActiveCfg = Debug|Any CPU
		{1DE500E8-9AE0-4912-808C-51AF854A94BB}.Debug|Any CPU.Build.0 = Debug|Any CPU
		{1DE500E8-9AE0-4912-808C-51AF854A94BB}.Release|Any CPU.ActiveCfg = Release|Any CPU
		{1DE500E8-9AE0-4912-808C-51AF854A94BB}.Release|Any CPU.Build.0 = Release|Any CPU
	EndGlobalSection
	GlobalSection(SolutionProperties) = preSolution
		HideSolutionNode = FALSE
	EndGlobalSection
EndGlobal
